{
  "pins" : [
    {
      "identity" : "swiftsugar",
      "kind" : "remoteSourceControl",
      "location" : "https://github.com/pxlshpr/SwiftSugar",
      "state" : {
        "revision" : "c76ad59dd4ee3385675adb0c0d7c9a11c48bed22",
        "version" : "0.0.93"
      }
    }
  ],
  "version" : 2
}
