{
  "pins" : [
    {
      "identity" : "swiftsugar",
      "kind" : "remoteSourceControl",
      "location" : "https://github.com/pxlshpr/SwiftSugar",
      "state" : {
        "revision" : "971376572069d861eaa1e9632c3e81d81d445f1e",
        "version" : "0.0.71"
      }
    }
  ],
  "version" : 2
}
